
Microsoft Visual Studio Solution File, Format Version 12.00
# Visual Studio Version 16
VisualStudioVersion = 16.0.31829.152
MinimumVisualStudioVersion = 10.0.40219.1
Project("{FAE04EC0-301F-11D3-BF4B-00C04F79EFBC}") = "Ex04.Menus.Interfaces", "Ex04.Menus.Interfaces\Ex04.Menus.Interfaces.csproj", "{A9C54625-A9DC-4ABB-B866-ECF4C33A4A02}"
EndProject
Project("{FAE04EC0-301F-11D3-BF4B-00C04F79EFBC}") = "Ex04.Menus.Test", "Ex04.Menus.Test\Ex04.Menus.Test.csproj", "{9C58E955-50CB-4680-91C6-C4D2C16BE285}"
EndProject
Project("{FAE04EC0-301F-11D3-BF4B-00C04F79EFBC}") = "Ex04.Menus.Delegates", "Ex04.Menus.Delegates\Ex04.Menus.Delegates.csproj", "{87D089D0-C961-4B29-A68E-2308BA98ECB3}"
EndProject
Global
	GlobalSection(SolutionConfigurationPlatforms) = preSolution
		Debug|Any CPU = Debug|Any CPU
		Release|Any CPU = Release|Any CPU
	EndGlobalSection
	GlobalSection(ProjectConfigurationPlatforms) = postSolution
		{A9C54625-A9DC-4ABB-B866-ECF4C33A4A02}.Debug|Any CPU.ActiveCfg = Debug|Any CPU
		{A9C54625-A9DC-4ABB-B866-ECF4C33A4A02}.Debug|Any CPU.Build.0 = Debug|Any CPU
		{A9C54625-A9DC-4ABB-B866-ECF4C33A4A02}.Release|Any CPU.ActiveCfg = Release|Any CPU
		{A9C54625-A9DC-4ABB-B866-ECF4C33A4A02}.Release|Any CPU.Build.0 = Release|Any CPU
		{9C58E955-50CB-4680-91C6-C4D2C16BE285}.Debug|Any CPU.ActiveCfg = Debug|Any CPU
		{9C58E955-50CB-4680-91C6-C4D2C16BE285}.Debug|Any CPU.Build.0 = Debug|Any CPU
		{9C58E955-50CB-4680-91C6-C4D2C16BE285}.Release|Any CPU.ActiveCfg = Release|Any CPU
		{9C58E955-50CB-4680-91C6-C4D2C16BE285}.Release|Any CPU.Build.0 = Release|Any CPU
		{87D089D0-C961-4B29-A68E-2308BA98ECB3}.Debug|Any CPU.ActiveCfg = Debug|Any CPU
		{87D089D0-C961-4B29-A68E-2308BA98ECB3}.Debug|Any CPU.Build.0 = Debug|Any CPU
		{87D089D0-C961-4B29-A68E-2308BA98ECB3}.Release|Any CPU.ActiveCfg = Release|Any CPU
		{87D089D0-C961-4B29-A68E-2308BA98ECB3}.Release|Any CPU.Build.0 = Release|Any CPU
	EndGlobalSection
	GlobalSection(SolutionProperties) = preSolution
		HideSolutionNode = FALSE
	EndGlobalSection
	GlobalSection(ExtensibilityGlobals) = postSolution
		SolutionGuid = {FE4F4A06-81CC-459A-8247-1D0BDB1E6827}
	EndGlobalSection
EndGlobal
